<?xml version="1.0" encoding="utf-8"?>
<Project ToolsVersion="4.0" xmlns="http://schemas.microsoft.com/developer/msbuild/2003">
  <ItemGroup>
    <Filter Include="Source Files">
      <UniqueIdentifier>{4FC737F1-C7A5-4376-A066-2A32D752A2FF}</UniqueIdentifier>
      <Extensions>cpp;c;cc;cxx;c++;cppm;ixx;def;odl;idl;hpj;bat;asm;asmx</Extensions>
    </Filter>
    <Filter Include="Header Files">
      <UniqueIdentifier>{93995380-89BD-4b04-88EB-625FBE52EBFB}</UniqueIdentifier>
      <Extensions>h;hh;hpp;hxx;h++;hm;inl;inc;ipp;xsd</Extensions>
    </Filter>
    <Filter Include="Resource Files">
      <UniqueIdentifier>{67DA6AB6-F800-4c08-8B7A-83BB121AAD01}</UniqueIdentifier>
      <Extensions>rc;ico;cur;bmp;dlg;rc2;rct;bin;rgs;gif;jpg;jpeg;jpe;resx;tiff;tif;png;wav;mfcribbon-ms</Extensions>
    </Filter>
  </ItemGroup>
  <ItemGroup>
    <ClCompile Include="HelloC++.cpp">
      <Filter>Source Files</Filter>
    </ClCompile>
    <ClCompile Include="On thi KTLT.cpp">
      <Filter>Source Files</Filter>
    </ClCompile>
    <ClCompile Include="VD12.cpp">
      <Filter>Source Files</Filter>
    </ClCompile>
    <ClCompile Include="VD13.cpp">
      <Filter>Source Files</Filter>
    </ClCompile>
    <ClCompile Include="VD15.cpp">
      <Filter>Source Files</Filter>
    </ClCompile>
    <ClCompile Include="VD 14.cpp">
      <Filter>Source Files</Filter>
    </ClCompile>
    <ClCompile Include="VD 15 Goi y Thay.cpp">
      <Filter>Source Files</Filter>
    </ClCompile>
    <ClCompile Include="On KTLT.cpp">
      <Filter>Source Files</Filter>
    </ClCompile>
    <ClCompile Include="Tim kiem Nhi Phan.cpp">
      <Filter>Source Files</Filter>
    </ClCompile>
    <ClCompile Include="Hoan Vi.cpp">
      <Filter>Source Files</Filter>
    </ClCompile>
    <ClCompile Include="Hoan Vi 2.cpp">
      <Filter>Source Files</Filter>
    </ClCompile>
    <ClCompile Include="So chan so le.cpp">
      <Filter>Source Files</Filter>
    </ClCompile>
    <ClCompile Include="Kiem tra So am So duong.cpp">
      <Filter>Source Files</Filter>
    </ClCompile>
    <ClCompile Include="Kiem tra khac nhau bao nhieu don vi.cpp">
      <Filter>Source Files</Filter>
    </ClCompile>
    <ClCompile Include="So lon nhat trong 3 so.cpp">
      <Filter>Source Files</Filter>
    </ClCompile>
    <ClCompile Include="So nho nhat trong 3 so.cpp">
      <Filter>Source Files</Filter>
    </ClCompile>
    <ClCompile Include="Kiem tra 3 canh cua 1 tam giac.cpp">
      <Filter>Source Files</Filter>
    </ClCompile>
    <ClCompile Include="Giai phuong trinh bac 1.cpp">
      <Filter>Source Files</Filter>
    </ClCompile>
    <ClCompile Include="Giai phuong trinh bac 2.cpp">
      <Filter>Source Files</Filter>
    </ClCompile>
    <ClCompile Include="Kiem tra tam giac vuong.cpp">
      <Filter>Source Files</Filter>
    </ClCompile>
    <ClCompile Include="Diem chu tuong ung.cpp">
      <Filter>Source Files</Filter>
    </ClCompile>
    <ClCompile Include="May tinh don gian.cpp">
      <Filter>Source Files</Filter>
    </ClCompile>
  </ItemGroup>
</Project>